
Microsoft Visual Studio Solution File, Format Version 12.00
# Visual Studio Version 16
VisualStudioVersion = 16.0.30711.63
MinimumVisualStudioVersion = 10.0.40219.1
Project("{9A19103F-16F7-4668-BE54-9A1E7A4F7556}") = "FootballRosterAPI", "FootballRosterAPI.csproj", "{775096ED-EC7F-4226-9AE1-2E846E2BF3EB}"
EndProject
Global
	GlobalSection(SolutionConfigurationPlatforms) = preSolution
		Debug|Any CPU = Debug|Any CPU
		Release|Any CPU = Release|Any CPU
	EndGlobalSection
	GlobalSection(ProjectConfigurationPlatforms) = postSolution
		{775096ED-EC7F-4226-9AE1-2E846E2BF3EB}.Debug|Any CPU.ActiveCfg = Debug|Any CPU
		{775096ED-EC7F-4226-9AE1-2E846E2BF3EB}.Debug|Any CPU.Build.0 = Debug|Any CPU
		{775096ED-EC7F-4226-9AE1-2E846E2BF3EB}.Release|Any CPU.ActiveCfg = Release|Any CPU
		{775096ED-EC7F-4226-9AE1-2E846E2BF3EB}.Release|Any CPU.Build.0 = Release|Any CPU
	EndGlobalSection
	GlobalSection(SolutionProperties) = preSolution
		HideSolutionNode = FALSE
	EndGlobalSection
	GlobalSection(ExtensibilityGlobals) = postSolution
		SolutionGuid = {F7B7CBF0-ECFD-47CF-B595-7DDCF6A42258}
	EndGlobalSection
EndGlobal
